
Microsoft Visual Studio Solution File, Format Version 12.00
# Visual Studio Version 16
VisualStudioVersion = 16.0.30204.135
MinimumVisualStudioVersion = 10.0.40219.1
Project("{9A19103F-16F7-4668-BE54-9A1E7A4F7556}") = "MovieStore.MVC", "MovieStore.MVC\MovieStore.MVC.csproj", "{2E24FE02-84EC-44B1-B4E6-52F3A6AA0965}"
EndProject
Project("{9A19103F-16F7-4668-BE54-9A1E7A4F7556}") = "MovieStore.Core", "MovieStore.Core\MovieStore.Core.csproj", "{CC84DBFA-0EAF-4248-BBDB-7605515AB26C}"
EndProject
Project("{9A19103F-16F7-4668-BE54-9A1E7A4F7556}") = "MovieStore.Infrastructure", "MovieStore.Infrastructure\MovieStore.Infrastructure.csproj", "{2D707211-E3A6-4FFD-B3DF-51C05850EAF3}"
EndProject
Project("{FAE04EC0-301F-11D3-BF4B-00C04F79EFBC}") = "MovieStore.API", "MovieStore.API\MovieStore.API.csproj", "{8D18D385-7217-4A13-97DA-DDEB3124C19B}"
EndProject
Global
	GlobalSection(SolutionConfigurationPlatforms) = preSolution
		Debug|Any CPU = Debug|Any CPU
		Release|Any CPU = Release|Any CPU
	EndGlobalSection
	GlobalSection(ProjectConfigurationPlatforms) = postSolution
		{2E24FE02-84EC-44B1-B4E6-52F3A6AA0965}.Debug|Any CPU.ActiveCfg = Debug|Any CPU
		{2E24FE02-84EC-44B1-B4E6-52F3A6AA0965}.Debug|Any CPU.Build.0 = Debug|Any CPU
		{2E24FE02-84EC-44B1-B4E6-52F3A6AA0965}.Release|Any CPU.ActiveCfg = Release|Any CPU
		{2E24FE02-84EC-44B1-B4E6-52F3A6AA0965}.Release|Any CPU.Build.0 = Release|Any CPU
		{CC84DBFA-0EAF-4248-BBDB-7605515AB26C}.Debug|Any CPU.ActiveCfg = Debug|Any CPU
		{CC84DBFA-0EAF-4248-BBDB-7605515AB26C}.Debug|Any CPU.Build.0 = Debug|Any CPU
		{CC84DBFA-0EAF-4248-BBDB-7605515AB26C}.Release|Any CPU.ActiveCfg = Release|Any CPU
		{CC84DBFA-0EAF-4248-BBDB-7605515AB26C}.Release|Any CPU.Build.0 = Release|Any CPU
		{2D707211-E3A6-4FFD-B3DF-51C05850EAF3}.Debug|Any CPU.ActiveCfg = Debug|Any CPU
		{2D707211-E3A6-4FFD-B3DF-51C05850EAF3}.Debug|Any CPU.Build.0 = Debug|Any CPU
		{2D707211-E3A6-4FFD-B3DF-51C05850EAF3}.Release|Any CPU.ActiveCfg = Release|Any CPU
		{2D707211-E3A6-4FFD-B3DF-51C05850EAF3}.Release|Any CPU.Build.0 = Release|Any CPU
		{8D18D385-7217-4A13-97DA-DDEB3124C19B}.Debug|Any CPU.ActiveCfg = Debug|Any CPU
		{8D18D385-7217-4A13-97DA-DDEB3124C19B}.Debug|Any CPU.Build.0 = Debug|Any CPU
		{8D18D385-7217-4A13-97DA-DDEB3124C19B}.Release|Any CPU.ActiveCfg = Release|Any CPU
		{8D18D385-7217-4A13-97DA-DDEB3124C19B}.Release|Any CPU.Build.0 = Release|Any CPU
	EndGlobalSection
	GlobalSection(SolutionProperties) = preSolution
		HideSolutionNode = FALSE
	EndGlobalSection
	GlobalSection(ExtensibilityGlobals) = postSolution
		SolutionGuid = {B56A657C-9798-49CB-B1ED-D95C9EA80F15}
	EndGlobalSection
EndGlobal
